
Microsoft Visual Studio Solution File, Format Version 12.00
# Visual Studio Version 17
VisualStudioVersion = 17.9.34526.213
MinimumVisualStudioVersion = 10.0.40219.1
Project("{FAE04EC0-301F-11D3-BF4B-00C04F79EFBC}") = "PU3.21_Calificacion", "PU3.21_Calificacion\PU3.21_Calificacion.csproj", "{F3947D71-4D4D-49DC-8D8C-AE518ECB2889}"
EndProject
Global
	GlobalSection(SolutionConfigurationPlatforms) = preSolution
		Debug|Any CPU = Debug|Any CPU
		Release|Any CPU = Release|Any CPU
	EndGlobalSection
	GlobalSection(ProjectConfigurationPlatforms) = postSolution
		{F3947D71-4D4D-49DC-8D8C-AE518ECB2889}.Debug|Any CPU.ActiveCfg = Debug|Any CPU
		{F3947D71-4D4D-49DC-8D8C-AE518ECB2889}.Debug|Any CPU.Build.0 = Debug|Any CPU
		{F3947D71-4D4D-49DC-8D8C-AE518ECB2889}.Release|Any CPU.ActiveCfg = Release|Any CPU
		{F3947D71-4D4D-49DC-8D8C-AE518ECB2889}.Release|Any CPU.Build.0 = Release|Any CPU
	EndGlobalSection
	GlobalSection(SolutionProperties) = preSolution
		HideSolutionNode = FALSE
	EndGlobalSection
	GlobalSection(ExtensibilityGlobals) = postSolution
		SolutionGuid = {EE8AE339-BE9A-4AE0-A7A4-D3ED50702FE8}
	EndGlobalSection
EndGlobal
