
Microsoft Visual Studio Solution File, Format Version 12.00
# Visual Studio Version 17
VisualStudioVersion = 17.10.34707.107
MinimumVisualStudioVersion = 10.0.40219.1
Project("{FAE04EC0-301F-11D3-BF4B-00C04F79EFBC}") = "banco2", "banco2\banco2.csproj", "{267E2368-EE6D-4456-B408-41F6E1FB2335}"
EndProject
Global
	GlobalSection(SolutionConfigurationPlatforms) = preSolution
		Debug|Any CPU = Debug|Any CPU
		Release|Any CPU = Release|Any CPU
	EndGlobalSection
	GlobalSection(ProjectConfigurationPlatforms) = postSolution
		{267E2368-EE6D-4456-B408-41F6E1FB2335}.Debug|Any CPU.ActiveCfg = Debug|Any CPU
		{267E2368-EE6D-4456-B408-41F6E1FB2335}.Debug|Any CPU.Build.0 = Debug|Any CPU
		{267E2368-EE6D-4456-B408-41F6E1FB2335}.Release|Any CPU.ActiveCfg = Release|Any CPU
		{267E2368-EE6D-4456-B408-41F6E1FB2335}.Release|Any CPU.Build.0 = Release|Any CPU
	EndGlobalSection
	GlobalSection(SolutionProperties) = preSolution
		HideSolutionNode = FALSE
	EndGlobalSection
	GlobalSection(ExtensibilityGlobals) = postSolution
		SolutionGuid = {C46B51C8-A3B5-4F38-8DA6-C0AE0C7CF18D}
	EndGlobalSection
EndGlobal
