
Microsoft Visual Studio Solution File, Format Version 12.00
# Visual Studio Version 17
VisualStudioVersion = 17.9.34526.213
MinimumVisualStudioVersion = 10.0.40219.1
Project("{FAE04EC0-301F-11D3-BF4B-00C04F79EFBC}") = "U3.5_Cambio_a_Cliente", "U3.5_Cambio_a_Cliente\U3.5_Cambio_a_Cliente.csproj", "{CA095C7C-12DC-4CF1-AEE3-3C93FE372A66}"
EndProject
Global
	GlobalSection(SolutionConfigurationPlatforms) = preSolution
		Debug|Any CPU = Debug|Any CPU
		Release|Any CPU = Release|Any CPU
	EndGlobalSection
	GlobalSection(ProjectConfigurationPlatforms) = postSolution
		{CA095C7C-12DC-4CF1-AEE3-3C93FE372A66}.Debug|Any CPU.ActiveCfg = Debug|Any CPU
		{CA095C7C-12DC-4CF1-AEE3-3C93FE372A66}.Debug|Any CPU.Build.0 = Debug|Any CPU
		{CA095C7C-12DC-4CF1-AEE3-3C93FE372A66}.Release|Any CPU.ActiveCfg = Release|Any CPU
		{CA095C7C-12DC-4CF1-AEE3-3C93FE372A66}.Release|Any CPU.Build.0 = Release|Any CPU
	EndGlobalSection
	GlobalSection(SolutionProperties) = preSolution
		HideSolutionNode = FALSE
	EndGlobalSection
	GlobalSection(ExtensibilityGlobals) = postSolution
		SolutionGuid = {79519181-F61F-4455-ACB8-ACEA2E0FBBEF}
	EndGlobalSection
EndGlobal
