
Microsoft Visual Studio Solution File, Format Version 12.00
# Visual Studio Version 17
VisualStudioVersion = 17.9.34526.213
MinimumVisualStudioVersion = 10.0.40219.1
Project("{FAE04EC0-301F-11D3-BF4B-00C04F79EFBC}") = "PU3.14_Calificacion", "PU3.14_Calificacion\PU3.14_Calificacion.csproj", "{71D886B6-4021-47FA-AE2F-C7DF2BF63557}"
EndProject
Global
	GlobalSection(SolutionConfigurationPlatforms) = preSolution
		Debug|Any CPU = Debug|Any CPU
		Release|Any CPU = Release|Any CPU
	EndGlobalSection
	GlobalSection(ProjectConfigurationPlatforms) = postSolution
		{71D886B6-4021-47FA-AE2F-C7DF2BF63557}.Debug|Any CPU.ActiveCfg = Debug|Any CPU
		{71D886B6-4021-47FA-AE2F-C7DF2BF63557}.Debug|Any CPU.Build.0 = Debug|Any CPU
		{71D886B6-4021-47FA-AE2F-C7DF2BF63557}.Release|Any CPU.ActiveCfg = Release|Any CPU
		{71D886B6-4021-47FA-AE2F-C7DF2BF63557}.Release|Any CPU.Build.0 = Release|Any CPU
	EndGlobalSection
	GlobalSection(SolutionProperties) = preSolution
		HideSolutionNode = FALSE
	EndGlobalSection
	GlobalSection(ExtensibilityGlobals) = postSolution
		SolutionGuid = {1A0DD858-FAE1-448D-8F6A-A9D94367F3D0}
	EndGlobalSection
EndGlobal
