
Microsoft Visual Studio Solution File, Format Version 12.00
# Visual Studio Version 17
VisualStudioVersion = 17.9.34526.213
MinimumVisualStudioVersion = 10.0.40219.1
Project("{FAE04EC0-301F-11D3-BF4B-00C04F79EFBC}") = "PU3.13_Area_y_Circunferencia_de_un_Circulo", "PU3.13_Area_y_Circunferencia_de_un_Circulo\PU3.13_Area_y_Circunferencia_de_un_Circulo.csproj", "{DD262DC1-0223-42EA-B98E-11D111508CA4}"
EndProject
Global
	GlobalSection(SolutionConfigurationPlatforms) = preSolution
		Debug|Any CPU = Debug|Any CPU
		Release|Any CPU = Release|Any CPU
	EndGlobalSection
	GlobalSection(ProjectConfigurationPlatforms) = postSolution
		{DD262DC1-0223-42EA-B98E-11D111508CA4}.Debug|Any CPU.ActiveCfg = Debug|Any CPU
		{DD262DC1-0223-42EA-B98E-11D111508CA4}.Debug|Any CPU.Build.0 = Debug|Any CPU
		{DD262DC1-0223-42EA-B98E-11D111508CA4}.Release|Any CPU.ActiveCfg = Release|Any CPU
		{DD262DC1-0223-42EA-B98E-11D111508CA4}.Release|Any CPU.Build.0 = Release|Any CPU
	EndGlobalSection
	GlobalSection(SolutionProperties) = preSolution
		HideSolutionNode = FALSE
	EndGlobalSection
	GlobalSection(ExtensibilityGlobals) = postSolution
		SolutionGuid = {FA7F75E1-F198-4426-82BE-5399A45F02FD}
	EndGlobalSection
EndGlobal
