
Microsoft Visual Studio Solution File, Format Version 12.00
# Visual Studio Version 17
VisualStudioVersion = 17.9.34526.213
MinimumVisualStudioVersion = 10.0.40219.1
Project("{FAE04EC0-301F-11D3-BF4B-00C04F79EFBC}") = "PU3.27_Impuestos", "PU3.27_Impuestos\PU3.27_Impuestos.csproj", "{29672B33-755F-4793-93AE-E553D28064A4}"
EndProject
Global
	GlobalSection(SolutionConfigurationPlatforms) = preSolution
		Debug|Any CPU = Debug|Any CPU
		Release|Any CPU = Release|Any CPU
	EndGlobalSection
	GlobalSection(ProjectConfigurationPlatforms) = postSolution
		{29672B33-755F-4793-93AE-E553D28064A4}.Debug|Any CPU.ActiveCfg = Debug|Any CPU
		{29672B33-755F-4793-93AE-E553D28064A4}.Debug|Any CPU.Build.0 = Debug|Any CPU
		{29672B33-755F-4793-93AE-E553D28064A4}.Release|Any CPU.ActiveCfg = Release|Any CPU
		{29672B33-755F-4793-93AE-E553D28064A4}.Release|Any CPU.Build.0 = Release|Any CPU
	EndGlobalSection
	GlobalSection(SolutionProperties) = preSolution
		HideSolutionNode = FALSE
	EndGlobalSection
	GlobalSection(ExtensibilityGlobals) = postSolution
		SolutionGuid = {BDEC3B05-AC12-4FD0-9BD1-44A34586E465}
	EndGlobalSection
EndGlobal
