
Microsoft Visual Studio Solution File, Format Version 12.00
# Visual Studio Version 17
VisualStudioVersion = 17.9.34526.213
MinimumVisualStudioVersion = 10.0.40219.1
Project("{FAE04EC0-301F-11D3-BF4B-00C04F79EFBC}") = "PU3.24_Promedio_Calificacion", "PU3.24_Promedio_Calificacion\PU3.24_Promedio_Calificacion.csproj", "{49AA97C0-AD10-45B9-B3EA-337E4DC40BF7}"
EndProject
Global
	GlobalSection(SolutionConfigurationPlatforms) = preSolution
		Debug|Any CPU = Debug|Any CPU
		Release|Any CPU = Release|Any CPU
	EndGlobalSection
	GlobalSection(ProjectConfigurationPlatforms) = postSolution
		{49AA97C0-AD10-45B9-B3EA-337E4DC40BF7}.Debug|Any CPU.ActiveCfg = Debug|Any CPU
		{49AA97C0-AD10-45B9-B3EA-337E4DC40BF7}.Debug|Any CPU.Build.0 = Debug|Any CPU
		{49AA97C0-AD10-45B9-B3EA-337E4DC40BF7}.Release|Any CPU.ActiveCfg = Release|Any CPU
		{49AA97C0-AD10-45B9-B3EA-337E4DC40BF7}.Release|Any CPU.Build.0 = Release|Any CPU
	EndGlobalSection
	GlobalSection(SolutionProperties) = preSolution
		HideSolutionNode = FALSE
	EndGlobalSection
	GlobalSection(ExtensibilityGlobals) = postSolution
		SolutionGuid = {0E8A0518-B844-41C1-B7DE-6FC2CF20FB14}
	EndGlobalSection
EndGlobal
