
Microsoft Visual Studio Solution File, Format Version 12.00
# Visual Studio Version 17
VisualStudioVersion = 17.10.34707.107
MinimumVisualStudioVersion = 10.0.40219.1
Project("{FAE04EC0-301F-11D3-BF4B-00C04F79EFBC}") = "PU3.29_Descuento_2", "PU3.29_Descuento_2\PU3.29_Descuento_2.csproj", "{4A33F193-045A-4321-A4B5-E642CF7B524E}"
EndProject
Global
	GlobalSection(SolutionConfigurationPlatforms) = preSolution
		Debug|Any CPU = Debug|Any CPU
		Release|Any CPU = Release|Any CPU
	EndGlobalSection
	GlobalSection(ProjectConfigurationPlatforms) = postSolution
		{4A33F193-045A-4321-A4B5-E642CF7B524E}.Debug|Any CPU.ActiveCfg = Debug|Any CPU
		{4A33F193-045A-4321-A4B5-E642CF7B524E}.Debug|Any CPU.Build.0 = Debug|Any CPU
		{4A33F193-045A-4321-A4B5-E642CF7B524E}.Release|Any CPU.ActiveCfg = Release|Any CPU
		{4A33F193-045A-4321-A4B5-E642CF7B524E}.Release|Any CPU.Build.0 = Release|Any CPU
	EndGlobalSection
	GlobalSection(SolutionProperties) = preSolution
		HideSolutionNode = FALSE
	EndGlobalSection
	GlobalSection(ExtensibilityGlobals) = postSolution
		SolutionGuid = {B734376F-77B0-44C0-A5A2-FF159629CCDE}
	EndGlobalSection
EndGlobal
