
Microsoft Visual Studio Solution File, Format Version 12.00
# Visual Studio Version 17
VisualStudioVersion = 17.9.34526.213
MinimumVisualStudioVersion = 10.0.40219.1
Project("{FAE04EC0-301F-11D3-BF4B-00C04F79EFBC}") = "U3.6_Area_y_ Perimetro_Triangulo", "U3.6_Area_y_ Perimetro_Triangulo\U3.6_Area_y_ Perimetro_Triangulo.csproj", "{8CDFA43D-A3AE-48AB-8230-E13BD4ACE87A}"
EndProject
Global
	GlobalSection(SolutionConfigurationPlatforms) = preSolution
		Debug|Any CPU = Debug|Any CPU
		Release|Any CPU = Release|Any CPU
	EndGlobalSection
	GlobalSection(ProjectConfigurationPlatforms) = postSolution
		{8CDFA43D-A3AE-48AB-8230-E13BD4ACE87A}.Debug|Any CPU.ActiveCfg = Debug|Any CPU
		{8CDFA43D-A3AE-48AB-8230-E13BD4ACE87A}.Debug|Any CPU.Build.0 = Debug|Any CPU
		{8CDFA43D-A3AE-48AB-8230-E13BD4ACE87A}.Release|Any CPU.ActiveCfg = Release|Any CPU
		{8CDFA43D-A3AE-48AB-8230-E13BD4ACE87A}.Release|Any CPU.Build.0 = Release|Any CPU
	EndGlobalSection
	GlobalSection(SolutionProperties) = preSolution
		HideSolutionNode = FALSE
	EndGlobalSection
	GlobalSection(ExtensibilityGlobals) = postSolution
		SolutionGuid = {746D9B31-3E89-4F7A-98E0-F6B5C1BB1A85}
	EndGlobalSection
EndGlobal
