
Microsoft Visual Studio Solution File, Format Version 12.00
# Visual Studio Version 17
VisualStudioVersion = 17.10.34707.107
MinimumVisualStudioVersion = 10.0.40219.1
Project("{FAE04EC0-301F-11D3-BF4B-00C04F79EFBC}") = "PU3.46_Fibonnachi", "PU3.46_Fibonnachi\PU3.46_Fibonnachi.csproj", "{4AD273F9-DDDB-4D67-A449-566E7C5097C1}"
EndProject
Global
	GlobalSection(SolutionConfigurationPlatforms) = preSolution
		Debug|Any CPU = Debug|Any CPU
		Release|Any CPU = Release|Any CPU
	EndGlobalSection
	GlobalSection(ProjectConfigurationPlatforms) = postSolution
		{4AD273F9-DDDB-4D67-A449-566E7C5097C1}.Debug|Any CPU.ActiveCfg = Debug|Any CPU
		{4AD273F9-DDDB-4D67-A449-566E7C5097C1}.Debug|Any CPU.Build.0 = Debug|Any CPU
		{4AD273F9-DDDB-4D67-A449-566E7C5097C1}.Release|Any CPU.ActiveCfg = Release|Any CPU
		{4AD273F9-DDDB-4D67-A449-566E7C5097C1}.Release|Any CPU.Build.0 = Release|Any CPU
	EndGlobalSection
	GlobalSection(SolutionProperties) = preSolution
		HideSolutionNode = FALSE
	EndGlobalSection
	GlobalSection(ExtensibilityGlobals) = postSolution
		SolutionGuid = {5C876375-4415-4B2A-8627-C49804555333}
	EndGlobalSection
EndGlobal
