
Microsoft Visual Studio Solution File, Format Version 12.00
# Visual Studio Version 17
VisualStudioVersion = 17.9.34526.213
MinimumVisualStudioVersion = 10.0.40219.1
Project("{FAE04EC0-301F-11D3-BF4B-00C04F79EFBC}") = "U3.8_GAS", "U3.8_GAS\U3.8_GAS.csproj", "{264A1B30-AAEC-4772-AF82-E3CD6CC93F97}"
EndProject
Global
	GlobalSection(SolutionConfigurationPlatforms) = preSolution
		Debug|Any CPU = Debug|Any CPU
		Release|Any CPU = Release|Any CPU
	EndGlobalSection
	GlobalSection(ProjectConfigurationPlatforms) = postSolution
		{264A1B30-AAEC-4772-AF82-E3CD6CC93F97}.Debug|Any CPU.ActiveCfg = Debug|Any CPU
		{264A1B30-AAEC-4772-AF82-E3CD6CC93F97}.Debug|Any CPU.Build.0 = Debug|Any CPU
		{264A1B30-AAEC-4772-AF82-E3CD6CC93F97}.Release|Any CPU.ActiveCfg = Release|Any CPU
		{264A1B30-AAEC-4772-AF82-E3CD6CC93F97}.Release|Any CPU.Build.0 = Release|Any CPU
	EndGlobalSection
	GlobalSection(SolutionProperties) = preSolution
		HideSolutionNode = FALSE
	EndGlobalSection
	GlobalSection(ExtensibilityGlobals) = postSolution
		SolutionGuid = {A22284FD-0860-4D2D-9135-FEC6914DDD0E}
	EndGlobalSection
EndGlobal
