
Microsoft Visual Studio Solution File, Format Version 12.00
# Visual Studio Version 17
VisualStudioVersion = 17.9.34526.213
MinimumVisualStudioVersion = 10.0.40219.1
Project("{FAE04EC0-301F-11D3-BF4B-00C04F79EFBC}") = "PU3.12_Calcular_Distancia", "PU3.12_Calcular_Distancia\PU3.12_Calcular_Distancia.csproj", "{4D46F6C8-67A7-4A18-AC08-283BBEA486A0}"
EndProject
Global
	GlobalSection(SolutionConfigurationPlatforms) = preSolution
		Debug|Any CPU = Debug|Any CPU
		Release|Any CPU = Release|Any CPU
	EndGlobalSection
	GlobalSection(ProjectConfigurationPlatforms) = postSolution
		{4D46F6C8-67A7-4A18-AC08-283BBEA486A0}.Debug|Any CPU.ActiveCfg = Debug|Any CPU
		{4D46F6C8-67A7-4A18-AC08-283BBEA486A0}.Debug|Any CPU.Build.0 = Debug|Any CPU
		{4D46F6C8-67A7-4A18-AC08-283BBEA486A0}.Release|Any CPU.ActiveCfg = Release|Any CPU
		{4D46F6C8-67A7-4A18-AC08-283BBEA486A0}.Release|Any CPU.Build.0 = Release|Any CPU
	EndGlobalSection
	GlobalSection(SolutionProperties) = preSolution
		HideSolutionNode = FALSE
	EndGlobalSection
	GlobalSection(ExtensibilityGlobals) = postSolution
		SolutionGuid = {42626D6B-1EE8-402F-862D-95B316E7D877}
	EndGlobalSection
EndGlobal
