
Microsoft Visual Studio Solution File, Format Version 12.00
# Visual Studio Version 17
VisualStudioVersion = 17.9.34526.213
MinimumVisualStudioVersion = 10.0.40219.1
Project("{FAE04EC0-301F-11D3-BF4B-00C04F79EFBC}") = "U3.9_Volumen_y_Area_Cilindro", "U3.9_Volumen_y_Area_Cilindro\U3.9_Volumen_y_Area_Cilindro.csproj", "{8A0B5BA0-27D7-4472-B359-2266BFF6870B}"
EndProject
Global
	GlobalSection(SolutionConfigurationPlatforms) = preSolution
		Debug|Any CPU = Debug|Any CPU
		Release|Any CPU = Release|Any CPU
	EndGlobalSection
	GlobalSection(ProjectConfigurationPlatforms) = postSolution
		{8A0B5BA0-27D7-4472-B359-2266BFF6870B}.Debug|Any CPU.ActiveCfg = Debug|Any CPU
		{8A0B5BA0-27D7-4472-B359-2266BFF6870B}.Debug|Any CPU.Build.0 = Debug|Any CPU
		{8A0B5BA0-27D7-4472-B359-2266BFF6870B}.Release|Any CPU.ActiveCfg = Release|Any CPU
		{8A0B5BA0-27D7-4472-B359-2266BFF6870B}.Release|Any CPU.Build.0 = Release|Any CPU
	EndGlobalSection
	GlobalSection(SolutionProperties) = preSolution
		HideSolutionNode = FALSE
	EndGlobalSection
	GlobalSection(ExtensibilityGlobals) = postSolution
		SolutionGuid = {A84680B2-1103-4014-9D9E-529D9715F50C}
	EndGlobalSection
EndGlobal
