
Microsoft Visual Studio Solution File, Format Version 12.00
# Visual Studio Version 17
VisualStudioVersion = 17.10.34707.107
MinimumVisualStudioVersion = 10.0.40219.1
Project("{FAE04EC0-301F-11D3-BF4B-00C04F79EFBC}") = "PU3.30_Switch", "PU3.30_Switch\PU3.30_Switch.csproj", "{281A2001-4E46-4518-B03C-026C8AAB83AF}"
EndProject
Global
	GlobalSection(SolutionConfigurationPlatforms) = preSolution
		Debug|Any CPU = Debug|Any CPU
		Release|Any CPU = Release|Any CPU
	EndGlobalSection
	GlobalSection(ProjectConfigurationPlatforms) = postSolution
		{281A2001-4E46-4518-B03C-026C8AAB83AF}.Debug|Any CPU.ActiveCfg = Debug|Any CPU
		{281A2001-4E46-4518-B03C-026C8AAB83AF}.Debug|Any CPU.Build.0 = Debug|Any CPU
		{281A2001-4E46-4518-B03C-026C8AAB83AF}.Release|Any CPU.ActiveCfg = Release|Any CPU
		{281A2001-4E46-4518-B03C-026C8AAB83AF}.Release|Any CPU.Build.0 = Release|Any CPU
	EndGlobalSection
	GlobalSection(SolutionProperties) = preSolution
		HideSolutionNode = FALSE
	EndGlobalSection
	GlobalSection(ExtensibilityGlobals) = postSolution
		SolutionGuid = {390F4D80-91A4-4B4D-925D-DA07D459F14E}
	EndGlobalSection
EndGlobal
