
Microsoft Visual Studio Solution File, Format Version 12.00
# Visual Studio Version 17
VisualStudioVersion = 17.10.34707.107
MinimumVisualStudioVersion = 10.0.40219.1
Project("{FAE04EC0-301F-11D3-BF4B-00C04F79EFBC}") = "PU3.44_Aumento_de_Empresa", "PU3.44_Aumento_de_Empresa\PU3.44_Aumento_de_Empresa.csproj", "{C728A6F3-9C41-4740-BAD9-988362867070}"
EndProject
Global
	GlobalSection(SolutionConfigurationPlatforms) = preSolution
		Debug|Any CPU = Debug|Any CPU
		Release|Any CPU = Release|Any CPU
	EndGlobalSection
	GlobalSection(ProjectConfigurationPlatforms) = postSolution
		{C728A6F3-9C41-4740-BAD9-988362867070}.Debug|Any CPU.ActiveCfg = Debug|Any CPU
		{C728A6F3-9C41-4740-BAD9-988362867070}.Debug|Any CPU.Build.0 = Debug|Any CPU
		{C728A6F3-9C41-4740-BAD9-988362867070}.Release|Any CPU.ActiveCfg = Release|Any CPU
		{C728A6F3-9C41-4740-BAD9-988362867070}.Release|Any CPU.Build.0 = Release|Any CPU
	EndGlobalSection
	GlobalSection(SolutionProperties) = preSolution
		HideSolutionNode = FALSE
	EndGlobalSection
	GlobalSection(ExtensibilityGlobals) = postSolution
		SolutionGuid = {989FD65E-132C-4DC6-8170-479CE511D242}
	EndGlobalSection
EndGlobal
