
Microsoft Visual Studio Solution File, Format Version 12.00
# Visual Studio Version 17
VisualStudioVersion = 17.10.34707.107
MinimumVisualStudioVersion = 10.0.40219.1
Project("{FAE04EC0-301F-11D3-BF4B-00C04F79EFBC}") = "PU3.31_Sueldo_Switch", "PU3.31_Sueldo_Switch\PU3.31_Sueldo_Switch.csproj", "{3D6D96B1-F06A-4B65-ACB2-65A2EB4B8ADC}"
EndProject
Global
	GlobalSection(SolutionConfigurationPlatforms) = preSolution
		Debug|Any CPU = Debug|Any CPU
		Release|Any CPU = Release|Any CPU
	EndGlobalSection
	GlobalSection(ProjectConfigurationPlatforms) = postSolution
		{3D6D96B1-F06A-4B65-ACB2-65A2EB4B8ADC}.Debug|Any CPU.ActiveCfg = Debug|Any CPU
		{3D6D96B1-F06A-4B65-ACB2-65A2EB4B8ADC}.Debug|Any CPU.Build.0 = Debug|Any CPU
		{3D6D96B1-F06A-4B65-ACB2-65A2EB4B8ADC}.Release|Any CPU.ActiveCfg = Release|Any CPU
		{3D6D96B1-F06A-4B65-ACB2-65A2EB4B8ADC}.Release|Any CPU.Build.0 = Release|Any CPU
	EndGlobalSection
	GlobalSection(SolutionProperties) = preSolution
		HideSolutionNode = FALSE
	EndGlobalSection
	GlobalSection(ExtensibilityGlobals) = postSolution
		SolutionGuid = {83DD37C4-A233-432E-881F-40952852BB78}
	EndGlobalSection
EndGlobal
