
Microsoft Visual Studio Solution File, Format Version 12.00
# Visual Studio Version 17
VisualStudioVersion = 17.9.34526.213
MinimumVisualStudioVersion = 10.0.40219.1
Project("{FAE04EC0-301F-11D3-BF4B-00C04F79EFBC}") = "PU3.19_Dividir_Entre_0", "PU3.19_Dividir_Entre_0\PU3.19_Dividir_Entre_0.csproj", "{4F815F30-AF5F-4B51-B28A-8F952AD56EF4}"
EndProject
Global
	GlobalSection(SolutionConfigurationPlatforms) = preSolution
		Debug|Any CPU = Debug|Any CPU
		Release|Any CPU = Release|Any CPU
	EndGlobalSection
	GlobalSection(ProjectConfigurationPlatforms) = postSolution
		{4F815F30-AF5F-4B51-B28A-8F952AD56EF4}.Debug|Any CPU.ActiveCfg = Debug|Any CPU
		{4F815F30-AF5F-4B51-B28A-8F952AD56EF4}.Debug|Any CPU.Build.0 = Debug|Any CPU
		{4F815F30-AF5F-4B51-B28A-8F952AD56EF4}.Release|Any CPU.ActiveCfg = Release|Any CPU
		{4F815F30-AF5F-4B51-B28A-8F952AD56EF4}.Release|Any CPU.Build.0 = Release|Any CPU
	EndGlobalSection
	GlobalSection(SolutionProperties) = preSolution
		HideSolutionNode = FALSE
	EndGlobalSection
	GlobalSection(ExtensibilityGlobals) = postSolution
		SolutionGuid = {8A5BE780-D002-4421-86F9-368C0F10C9FD}
	EndGlobalSection
EndGlobal
